
Microsoft Visual Studio Solution File, Format Version 12.00
# Visual Studio Version 17
VisualStudioVersion = 17.14.36202.13 d17.14
MinimumVisualStudioVersion = 10.0.40219.1
Project("{FAE04EC0-301F-11D3-BF4B-00C04F79EFBC}") = "SistemaLogica", "SistemaLogica\SistemaLogica.csproj", "{F22C8A6E-9E80-4C0E-93EC-06706C58050A}"
EndProject
Project("{FAE04EC0-301F-11D3-BF4B-00C04F79EFBC}") = "SistemaInterface", "SistemaInterface\SistemaInterface.csproj", "{59E788EC-01CA-413B-84AA-9C8E150CF08E}"
EndProject
Global
	GlobalSection(SolutionConfigurationPlatforms) = preSolution
		Debug|Any CPU = Debug|Any CPU
		Release|Any CPU = Release|Any CPU
	EndGlobalSection
	GlobalSection(ProjectConfigurationPlatforms) = postSolution
		{F22C8A6E-9E80-4C0E-93EC-06706C58050A}.Debug|Any CPU.ActiveCfg = Debug|Any CPU
		{F22C8A6E-9E80-4C0E-93EC-06706C58050A}.Debug|Any CPU.Build.0 = Debug|Any CPU
		{F22C8A6E-9E80-4C0E-93EC-06706C58050A}.Release|Any CPU.ActiveCfg = Release|Any CPU
		{F22C8A6E-9E80-4C0E-93EC-06706C58050A}.Release|Any CPU.Build.0 = Release|Any CPU
		{59E788EC-01CA-413B-84AA-9C8E150CF08E}.Debug|Any CPU.ActiveCfg = Debug|Any CPU
		{59E788EC-01CA-413B-84AA-9C8E150CF08E}.Debug|Any CPU.Build.0 = Debug|Any CPU
		{59E788EC-01CA-413B-84AA-9C8E150CF08E}.Release|Any CPU.ActiveCfg = Release|Any CPU
		{59E788EC-01CA-413B-84AA-9C8E150CF08E}.Release|Any CPU.Build.0 = Release|Any CPU
	EndGlobalSection
	GlobalSection(SolutionProperties) = preSolution
		HideSolutionNode = FALSE
	EndGlobalSection
	GlobalSection(ExtensibilityGlobals) = postSolution
		SolutionGuid = {84BECF48-A2BA-4A02-BDF4-2FD8993C0F3F}
	EndGlobalSection
EndGlobal
